
Microsoft Visual Studio Solution File, Format Version 12.00
# Visual Studio Version 17
VisualStudioVersion = 17.8.34322.80
MinimumVisualStudioVersion = 10.0.40219.1
Project("{9A19103F-16F7-4668-BE54-9A1E7A4F7556}") = "Management", "Managment\Management.csproj", "{A56E2923-F506-4283-AA79-1A7AC8DE7CF4}"
EndProject
Project("{9A19103F-16F7-4668-BE54-9A1E7A4F7556}") = "Management.Services", "BussinessAccessLayer\Management.Services.csproj", "{8CAE15E0-DAF7-4999-B5D8-256F50E5E19C}"
EndProject
Project("{9A19103F-16F7-4668-BE54-9A1E7A4F7556}") = "Management.Data", "DataAccessLayer\Management.Data.csproj", "{BCCBC76B-7512-4CDE-9695-590CBE6E0A84}"
EndProject
Project("{9A19103F-16F7-4668-BE54-9A1E7A4F7556}") = "Management.Common", "Shared\Management.Common.csproj", "{40C0FED8-E1A2-4E39-964C-ADFCAA33B583}"
EndProject
Project("{9A19103F-16F7-4668-BE54-9A1E7A4F7556}") = "Management.WebAPI", "Management.WebAPI\Management.WebAPI.csproj", "{EB002104-5340-441E-B4E4-32DA403F3A21}"
EndProject
Global
	GlobalSection(SolutionConfigurationPlatforms) = preSolution
		Debug|Any CPU = Debug|Any CPU
		Release|Any CPU = Release|Any CPU
	EndGlobalSection
	GlobalSection(ProjectConfigurationPlatforms) = postSolution
		{A56E2923-F506-4283-AA79-1A7AC8DE7CF4}.Debug|Any CPU.ActiveCfg = Debug|Any CPU
		{A56E2923-F506-4283-AA79-1A7AC8DE7CF4}.Debug|Any CPU.Build.0 = Debug|Any CPU
		{A56E2923-F506-4283-AA79-1A7AC8DE7CF4}.Release|Any CPU.ActiveCfg = Release|Any CPU
		{A56E2923-F506-4283-AA79-1A7AC8DE7CF4}.Release|Any CPU.Build.0 = Release|Any CPU
		{8CAE15E0-DAF7-4999-B5D8-256F50E5E19C}.Debug|Any CPU.ActiveCfg = Debug|Any CPU
		{8CAE15E0-DAF7-4999-B5D8-256F50E5E19C}.Debug|Any CPU.Build.0 = Debug|Any CPU
		{8CAE15E0-DAF7-4999-B5D8-256F50E5E19C}.Release|Any CPU.ActiveCfg = Release|Any CPU
		{8CAE15E0-DAF7-4999-B5D8-256F50E5E19C}.Release|Any CPU.Build.0 = Release|Any CPU
		{BCCBC76B-7512-4CDE-9695-590CBE6E0A84}.Debug|Any CPU.ActiveCfg = Debug|Any CPU
		{BCCBC76B-7512-4CDE-9695-590CBE6E0A84}.Debug|Any CPU.Build.0 = Debug|Any CPU
		{BCCBC76B-7512-4CDE-9695-590CBE6E0A84}.Release|Any CPU.ActiveCfg = Release|Any CPU
		{BCCBC76B-7512-4CDE-9695-590CBE6E0A84}.Release|Any CPU.Build.0 = Release|Any CPU
		{40C0FED8-E1A2-4E39-964C-ADFCAA33B583}.Debug|Any CPU.ActiveCfg = Debug|Any CPU
		{40C0FED8-E1A2-4E39-964C-ADFCAA33B583}.Debug|Any CPU.Build.0 = Debug|Any CPU
		{40C0FED8-E1A2-4E39-964C-ADFCAA33B583}.Release|Any CPU.ActiveCfg = Release|Any CPU
		{40C0FED8-E1A2-4E39-964C-ADFCAA33B583}.Release|Any CPU.Build.0 = Release|Any CPU
		{EB002104-5340-441E-B4E4-32DA403F3A21}.Debug|Any CPU.ActiveCfg = Debug|Any CPU
		{EB002104-5340-441E-B4E4-32DA403F3A21}.Debug|Any CPU.Build.0 = Debug|Any CPU
		{EB002104-5340-441E-B4E4-32DA403F3A21}.Release|Any CPU.ActiveCfg = Release|Any CPU
		{EB002104-5340-441E-B4E4-32DA403F3A21}.Release|Any CPU.Build.0 = Release|Any CPU
	EndGlobalSection
	GlobalSection(SolutionProperties) = preSolution
		HideSolutionNode = FALSE
	EndGlobalSection
	GlobalSection(ExtensibilityGlobals) = postSolution
		SolutionGuid = {6DF0A7F8-32E3-4810-ACD7-1DB78ADE2D1F}
	EndGlobalSection
EndGlobal
